// !$*UTF8*$!
{
	archiveVersion = 1;
	classes = {
	};
	objectVersion = 50;
	objects = {

/* Begin PBXBuildFile section */
		546266FD23E5B05F0081B089 /* Default-568h@2x.png in Resources */ = {isa = PBXBuildFile; fileRef = 546266FC23E5B05F0081B089 /* Default-568h@2x.png */; };
		54A93CD623E3056100B7A468 /* AlertProtocol.swift in Sources */ = {isa = PBXBuildFile; fileRef = 54A93CD523E3056100B7A468 /* AlertProtocol.swift */; };
		54A93CD923E374B900B7A468 /* AddLocationViewController.swift in Sources */ = {isa = PBXBuildFile; fileRef = 54A93CD823E374B900B7A468 /* AddLocationViewController.swift */; };
		54A93CDB23E37B6F00B7A468 /* VerifyAddLocationViewController.swift in Sources */ = {isa = PBXBuildFile; fileRef = 54A93CDA23E37B6F00B7A468 /* VerifyAddLocationViewController.swift */; };
		54A93CDD23E3CE5E00B7A468 /* TabBarControllerViewController.swift in Sources */ = {isa = PBXBuildFile; fileRef = 54A93CDC23E3CE5E00B7A468 /* TabBarControllerViewController.swift */; };
		54A93CDF23E3CF7500B7A468 /* CustomNavigationController.swift in Sources */ = {isa = PBXBuildFile; fileRef = 54A93CDE23E3CF7500B7A468 /* CustomNavigationController.swift */; };
		54B5F59223E47D6E00465FF7 /* NetworkClient.swift in Sources */ = {isa = PBXBuildFile; fileRef = 54B5F59123E47D6E00465FF7 /* NetworkClient.swift */; };
		54CCCF5D23DCE5B300E5C772 /* AppDelegate.swift in Sources */ = {isa = PBXBuildFile; fileRef = 54CCCF5C23DCE5B300E5C772 /* AppDelegate.swift */; };
		54CCCF5F23DCE5B300E5C772 /* SceneDelegate.swift in Sources */ = {isa = PBXBuildFile; fileRef = 54CCCF5E23DCE5B300E5C772 /* SceneDelegate.swift */; };
		54CCCF6423DCE5B300E5C772 /* Main.storyboard in Resources */ = {isa = PBXBuildFile; fileRef = 54CCCF6223DCE5B300E5C772 /* Main.storyboard */; };
		54CCCF6623DCE5B500E5C772 /* Assets.xcassets in Resources */ = {isa = PBXBuildFile; fileRef = 54CCCF6523DCE5B500E5C772 /* Assets.xcassets */; };
		54CCCF6923DCE5B500E5C772 /* LaunchScreen.storyboard in Resources */ = {isa = PBXBuildFile; fileRef = 54CCCF6723DCE5B500E5C772 /* LaunchScreen.storyboard */; };
		54CCCF7623DDFA5C00E5C772 /* UdacityAPIStruct.swift in Sources */ = {isa = PBXBuildFile; fileRef = 54CCCF7523DDFA5C00E5C772 /* UdacityAPIStruct.swift */; };
		54CCCF7A23DE119B00E5C772 /* LoginViewController.swift in Sources */ = {isa = PBXBuildFile; fileRef = 54CCCF7923DE119B00E5C772 /* LoginViewController.swift */; };
		54CCCF7C23DE199C00E5C772 /* CustomTextFieldViewController.swift in Sources */ = {isa = PBXBuildFile; fileRef = 54CCCF7B23DE199C00E5C772 /* CustomTextFieldViewController.swift */; };
		54CCCF7E23DE5CA200E5C772 /* MapViewController.swift in Sources */ = {isa = PBXBuildFile; fileRef = 54CCCF7D23DE5CA200E5C772 /* MapViewController.swift */; };
		54CCCF8223DE69CD00E5C772 /* StudentsTableViewCell.swift in Sources */ = {isa = PBXBuildFile; fileRef = 54CCCF8123DE69CD00E5C772 /* StudentsTableViewCell.swift */; };
		54CCCF8423DFA98C00E5C772 /* StudentLocationsAPIStruct.swift in Sources */ = {isa = PBXBuildFile; fileRef = 54CCCF8323DFA98C00E5C772 /* StudentLocationsAPIStruct.swift */; };
		54CCCF8923E0F89400E5C772 /* CommonCodeProtocol.swift in Sources */ = {isa = PBXBuildFile; fileRef = 54CCCF8823E0F89400E5C772 /* CommonCodeProtocol.swift */; };
		54CCCF8B23E1DE4400E5C772 /* TableViewController.swift in Sources */ = {isa = PBXBuildFile; fileRef = 54CCCF8A23E1DE4400E5C772 /* TableViewController.swift */; };
/* End PBXBuildFile section */

/* Begin PBXFileReference section */
		546266FC23E5B05F0081B089 /* Default-568h@2x.png */ = {isa = PBXFileReference; lastKnownFileType = image.png; path = "Default-568h@2x.png"; sourceTree = "<group>"; };
		54A93CD523E3056100B7A468 /* AlertProtocol.swift */ = {isa = PBXFileReference; lastKnownFileType = sourcecode.swift; path = AlertProtocol.swift; sourceTree = "<group>"; };
		54A93CD823E374B900B7A468 /* AddLocationViewController.swift */ = {isa = PBXFileReference; lastKnownFileType = sourcecode.swift; path = AddLocationViewController.swift; sourceTree = "<group>"; };
		54A93CDA23E37B6F00B7A468 /* VerifyAddLocationViewController.swift */ = {isa = PBXFileReference; lastKnownFileType = sourcecode.swift; path = VerifyAddLocationViewController.swift; sourceTree = "<group>"; };
		54A93CDC23E3CE5E00B7A468 /* TabBarControllerViewController.swift */ = {isa = PBXFileReference; lastKnownFileType = sourcecode.swift; path = TabBarControllerViewController.swift; sourceTree = "<group>"; };
		54A93CDE23E3CF7500B7A468 /* CustomNavigationController.swift */ = {isa = PBXFileReference; lastKnownFileType = sourcecode.swift; path = CustomNavigationController.swift; sourceTree = "<group>"; };
		54B5F59123E47D6E00465FF7 /* NetworkClient.swift */ = {isa = PBXFileReference; lastKnownFileType = sourcecode.swift; path = NetworkClient.swift; sourceTree = "<group>"; };
		54CCCF5923DCE5B300E5C772 /* IOSND-OnTheMap.app */ = {isa = PBXFileReference; explicitFileType = wrapper.application; includeInIndex = 0; path = "IOSND-OnTheMap.app"; sourceTree = BUILT_PRODUCTS_DIR; };
		54CCCF5C23DCE5B300E5C772 /* AppDelegate.swift */ = {isa = PBXFileReference; lastKnownFileType = sourcecode.swift; path = AppDelegate.swift; sourceTree = "<group>"; };
		54CCCF5E23DCE5B300E5C772 /* SceneDelegate.swift */ = {isa = PBXFileReference; lastKnownFileType = sourcecode.swift; path = SceneDelegate.swift; sourceTree = "<group>"; };
		54CCCF6323DCE5B300E5C772 /* Base */ = {isa = PBXFileReference; lastKnownFileType = file.storyboard; name = Base; path = Base.lproj/Main.storyboard; sourceTree = "<group>"; };
		54CCCF6523DCE5B500E5C772 /* Assets.xcassets */ = {isa = PBXFileReference; lastKnownFileType = folder.assetcatalog; path = Assets.xcassets; sourceTree = "<group>"; };
		54CCCF6823DCE5B500E5C772 /* Base */ = {isa = PBXFileReference; lastKnownFileType = file.storyboard; name = Base; path = Base.lproj/LaunchScreen.storyboard; sourceTree = "<group>"; };
		54CCCF6A23DCE5B500E5C772 /* Info.plist */ = {isa = PBXFileReference; lastKnownFileType = text.plist.xml; path = Info.plist; sourceTree = "<group>"; };
		54CCCF7523DDFA5C00E5C772 /* UdacityAPIStruct.swift */ = {isa = PBXFileReference; lastKnownFileType = sourcecode.swift; path = UdacityAPIStruct.swift; sourceTree = "<group>"; };
		54CCCF7923DE119B00E5C772 /* LoginViewController.swift */ = {isa = PBXFileReference; lastKnownFileType = sourcecode.swift; path = LoginViewController.swift; sourceTree = "<group>"; };
		54CCCF7B23DE199C00E5C772 /* CustomTextFieldViewController.swift */ = {isa = PBXFileReference; lastKnownFileType = sourcecode.swift; path = CustomTextFieldViewController.swift; sourceTree = "<group>"; };
		54CCCF7D23DE5CA200E5C772 /* MapViewController.swift */ = {isa = PBXFileReference; lastKnownFileType = sourcecode.swift; path = MapViewController.swift; sourceTree = "<group>"; };
		54CCCF8123DE69CD00E5C772 /* StudentsTableViewCell.swift */ = {isa = PBXFileReference; lastKnownFileType = sourcecode.swift; path = StudentsTableViewCell.swift; sourceTree = "<group>"; };
		54CCCF8323DFA98C00E5C772 /* StudentLocationsAPIStruct.swift */ = {isa = PBXFileReference; lastKnownFileType = sourcecode.swift; path = StudentLocationsAPIStruct.swift; sourceTree = "<group>"; };
		54CCCF8823E0F89400E5C772 /* CommonCodeProtocol.swift */ = {isa = PBXFileReference; lastKnownFileType = sourcecode.swift; path = CommonCodeProtocol.swift; sourceTree = "<group>"; };
		54CCCF8A23E1DE4400E5C772 /* TableViewController.swift */ = {isa = PBXFileReference; lastKnownFileType = sourcecode.swift; path = TableViewController.swift; sourceTree = "<group>"; };
/* End PBXFileReference section */

/* Begin PBXFrameworksBuildPhase section */
		54CCCF5623DCE5B300E5C772 /* Frameworks */ = {
			isa = PBXFrameworksBuildPhase;
			buildActionMask = 2147483647;
			files = (
			);
			runOnlyForDeploymentPostprocessing = 0;
		};
/* End PBXFrameworksBuildPhase section */

/* Begin PBXGroup section */
		546266FE23EC190D0081B089 /* Network */ = {
			isa = PBXGroup;
			children = (
				54B5F59123E47D6E00465FF7 /* NetworkClient.swift */,
			);
			path = Network;
			sourceTree = "<group>";
		};
		546266FF23EC19230081B089 /* Views */ = {
			isa = PBXGroup;
			children = (
				5462670023EC19380081B089 /* Cells */,
			);
			path = Views;
			sourceTree = "<group>";
		};
		5462670023EC19380081B089 /* Cells */ = {
			isa = PBXGroup;
			children = (
				54CCCF8123DE69CD00E5C772 /* StudentsTableViewCell.swift */,
			);
			path = Cells;
			sourceTree = "<group>";
		};
		5462670123EC19510081B089 /* Resources */ = {
			isa = PBXGroup;
			children = (
				54CCCF6523DCE5B500E5C772 /* Assets.xcassets */,
				54CCCF6A23DCE5B500E5C772 /* Info.plist */,
			);
			path = Resources;
			sourceTree = "<group>";
		};
		54A93CD423E3053E00B7A468 /* Protocols */ = {
			isa = PBXGroup;
			children = (
				54A93CD523E3056100B7A468 /* AlertProtocol.swift */,
				54CCCF8823E0F89400E5C772 /* CommonCodeProtocol.swift */,
			);
			path = Protocols;
			sourceTree = "<group>";
		};
		54B5F59323E486C600465FF7 /* Controllers */ = {
			isa = PBXGroup;
			children = (
				54A93CD423E3053E00B7A468 /* Protocols */,
				54A93CD823E374B900B7A468 /* AddLocationViewController.swift */,
				54CCCF5C23DCE5B300E5C772 /* AppDelegate.swift */,
				54A93CDE23E3CF7500B7A468 /* CustomNavigationController.swift */,
				54CCCF7B23DE199C00E5C772 /* CustomTextFieldViewController.swift */,
				54CCCF7923DE119B00E5C772 /* LoginViewController.swift */,
				54CCCF7D23DE5CA200E5C772 /* MapViewController.swift */,
				54CCCF5E23DCE5B300E5C772 /* SceneDelegate.swift */,
				54A93CDC23E3CE5E00B7A468 /* TabBarControllerViewController.swift */,
				54CCCF8A23E1DE4400E5C772 /* TableViewController.swift */,
				54A93CDA23E37B6F00B7A468 /* VerifyAddLocationViewController.swift */,
			);
			path = Controllers;
			sourceTree = "<group>";
		};
		54B5F59423E486F500465FF7 /* Assets */ = {
			isa = PBXGroup;
			children = (
				54CCCF6723DCE5B500E5C772 /* LaunchScreen.storyboard */,
				54CCCF6223DCE5B300E5C772 /* Main.storyboard */,
			);
			path = Assets;
			sourceTree = "<group>";
		};
		54CCCF5023DCE5B300E5C772 = {
			isa = PBXGroup;
			children = (
				546266FC23E5B05F0081B089 /* Default-568h@2x.png */,
				54CCCF5B23DCE5B300E5C772 /* IOSND-OnTheMap */,
				54CCCF5A23DCE5B300E5C772 /* Products */,
			);
			sourceTree = "<group>";
		};
		54CCCF5A23DCE5B300E5C772 /* Products */ = {
			isa = PBXGroup;
			children = (
				54CCCF5923DCE5B300E5C772 /* IOSND-OnTheMap.app */,
			);
			name = Products;
			sourceTree = "<group>";
		};
		54CCCF5B23DCE5B300E5C772 /* IOSND-OnTheMap */ = {
			isa = PBXGroup;
			children = (
				54B5F59423E486F500465FF7 /* Assets */,
				54B5F59323E486C600465FF7 /* Controllers */,
				54CCCF7423DDFA2F00E5C772 /* Model */,
				546266FE23EC190D0081B089 /* Network */,
				5462670123EC19510081B089 /* Resources */,
				546266FF23EC19230081B089 /* Views */,
			);
			path = "IOSND-OnTheMap";
			sourceTree = "<group>";
		};
		54CCCF7423DDFA2F00E5C772 /* Model */ = {
			isa = PBXGroup;
			children = (
				54CCCF7523DDFA5C00E5C772 /* UdacityAPIStruct.swift */,
				54CCCF8323DFA98C00E5C772 /* StudentLocationsAPIStruct.swift */,
			);
			path = Model;
			sourceTree = "<group>";
		};
/* End PBXGroup section */

/* Begin PBXNativeTarget section */
		54CCCF5823DCE5B300E5C772 /* IOSND-OnTheMap */ = {
			isa = PBXNativeTarget;
			buildConfigurationList = 54CCCF6D23DCE5B500E5C772 /* Build configuration list for PBXNativeTarget "IOSND-OnTheMap" */;
			buildPhases = (
				54CCCF5523DCE5B300E5C772 /* Sources */,
				54CCCF5623DCE5B300E5C772 /* Frameworks */,
				54CCCF5723DCE5B300E5C772 /* Resources */,
			);
			buildRules = (
			);
			dependencies = (
			);
			name = "IOSND-OnTheMap";
			productName = "IOSND-OnTheMap";
			productReference = 54CCCF5923DCE5B300E5C772 /* IOSND-OnTheMap.app */;
			productType = "com.apple.product-type.application";
		};
/* End PBXNativeTarget section */

/* Begin PBXProject section */
		54CCCF5123DCE5B300E5C772 /* Project object */ = {
			isa = PBXProject;
			attributes = {
				LastSwiftUpdateCheck = 1130;
				LastUpgradeCheck = 1130;
				ORGANIZATIONNAME = "Dimopoulos Stavros tou Athanasiou";
				TargetAttributes = {
					54CCCF5823DCE5B300E5C772 = {
						CreatedOnToolsVersion = 11.3.1;
					};
				};
			};
			buildConfigurationList = 54CCCF5423DCE5B300E5C772 /* Build configuration list for PBXProject "IOSND-OnTheMap" */;
			compatibilityVersion = "Xcode 9.3";
			developmentRegion = en;
			hasScannedForEncodings = 0;
			knownRegions = (
				en,
				Base,
			);
			mainGroup = 54CCCF5023DCE5B300E5C772;
			productRefGroup = 54CCCF5A23DCE5B300E5C772 /* Products */;
			projectDirPath = "";
			projectRoot = "";
			targets = (
				54CCCF5823DCE5B300E5C772 /* IOSND-OnTheMap */,
			);
		};
/* End PBXProject section */

/* Begin PBXResourcesBuildPhase section */
		54CCCF5723DCE5B300E5C772 /* Resources */ = {
			isa = PBXResourcesBuildPhase;
			buildActionMask = 2147483647;
			files = (
				54CCCF6923DCE5B500E5C772 /* LaunchScreen.storyboard in Resources */,
				546266FD23E5B05F0081B089 /* Default-568h@2x.png in Resources */,
				54CCCF6623DCE5B500E5C772 /* Assets.xcassets in Resources */,
				54CCCF6423DCE5B300E5C772 /* Main.storyboard in Resources */,
			);
			runOnlyForDeploymentPostprocessing = 0;
		};
/* End PBXResourcesBuildPhase section */

/* Begin PBXSourcesBuildPhase section */
		54CCCF5523DCE5B300E5C772 /* Sources */ = {
			isa = PBXSourcesBuildPhase;
			buildActionMask = 2147483647;
			files = (
				54CCCF7623DDFA5C00E5C772 /* UdacityAPIStruct.swift in Sources */,
				54CCCF5D23DCE5B300E5C772 /* AppDelegate.swift in Sources */,
				54CCCF7C23DE199C00E5C772 /* CustomTextFieldViewController.swift in Sources */,
				54CCCF8223DE69CD00E5C772 /* StudentsTableViewCell.swift in Sources */,
				54A93CDD23E3CE5E00B7A468 /* TabBarControllerViewController.swift in Sources */,
				54CCCF7A23DE119B00E5C772 /* LoginViewController.swift in Sources */,
				54A93CD623E3056100B7A468 /* AlertProtocol.swift in Sources */,
				54B5F59223E47D6E00465FF7 /* NetworkClient.swift in Sources */,
				54CCCF8B23E1DE4400E5C772 /* TableViewController.swift in Sources */,
				54A93CDB23E37B6F00B7A468 /* VerifyAddLocationViewController.swift in Sources */,
				54A93CD923E374B900B7A468 /* AddLocationViewController.swift in Sources */,
				54CCCF5F23DCE5B300E5C772 /* SceneDelegate.swift in Sources */,
				54CCCF7E23DE5CA200E5C772 /* MapViewController.swift in Sources */,
				54A93CDF23E3CF7500B7A468 /* CustomNavigationController.swift in Sources */,
				54CCCF8423DFA98C00E5C772 /* StudentLocationsAPIStruct.swift in Sources */,
				54CCCF8923E0F89400E5C772 /* CommonCodeProtocol.swift in Sources */,
			);
			runOnlyForDeploymentPostprocessing = 0;
		};
/* End PBXSourcesBuildPhase section */

/* Begin PBXVariantGroup section */
		54CCCF6223DCE5B300E5C772 /* Main.storyboard */ = {
			isa = PBXVariantGroup;
			children = (
				54CCCF6323DCE5B300E5C772 /* Base */,
			);
			name = Main.storyboard;
			sourceTree = "<group>";
		};
		54CCCF6723DCE5B500E5C772 /* LaunchScreen.storyboard */ = {
			isa = PBXVariantGroup;
			children = (
				54CCCF6823DCE5B500E5C772 /* Base */,
			);
			name = LaunchScreen.storyboard;
			sourceTree = "<group>";
		};
/* End PBXVariantGroup section */

/* Begin XCBuildConfiguration section */
		54CCCF6B23DCE5B500E5C772 /* Debug */ = {
			isa = XCBuildConfiguration;
			buildSettings = {
				ALWAYS_SEARCH_USER_PATHS = NO;
				CLANG_ANALYZER_NONNULL = YES;
				CLANG_ANALYZER_NUMBER_OBJECT_CONVERSION = YES_AGGRESSIVE;
				CLANG_CXX_LANGUAGE_STANDARD = "gnu++14";
				CLANG_CXX_LIBRARY = "libc++";
				CLANG_ENABLE_MODULES = YES;
				CLANG_ENABLE_OBJC_ARC = YES;
				CLANG_ENABLE_OBJC_WEAK = YES;
				CLANG_WARN_BLOCK_CAPTURE_AUTORELEASING = YES;
				CLANG_WARN_BOOL_CONVERSION = YES;
				CLANG_WARN_COMMA = YES;
				CLANG_WARN_CONSTANT_CONVERSION = YES;
				CLANG_WARN_DEPRECATED_OBJC_IMPLEMENTATIONS = YES;
				CLANG_WARN_DIRECT_OBJC_ISA_USAGE = YES_ERROR;
				CLANG_WARN_DOCUMENTATION_COMMENTS = YES;
				CLANG_WARN_EMPTY_BODY = YES;
				CLANG_WARN_ENUM_CONVERSION = YES;
				CLANG_WARN_INFINITE_RECURSION = YES;
				CLANG_WARN_INT_CONVERSION = YES;
				CLANG_WARN_NON_LITERAL_NULL_CONVERSION = YES;
				CLANG_WARN_OBJC_IMPLICIT_RETAIN_SELF = YES;
				CLANG_WARN_OBJC_LITERAL_CONVERSION = YES;
				CLANG_WARN_OBJC_ROOT_CLASS = YES_ERROR;
				CLANG_WARN_RANGE_LOOP_ANALYSIS = YES;
				CLANG_WARN_STRICT_PROTOTYPES = YES;
				CLANG_WARN_SUSPICIOUS_MOVE = YES;
				CLANG_WARN_UNGUARDED_AVAILABILITY = YES_AGGRESSIVE;
				CLANG_WARN_UNREACHABLE_CODE = YES;
				CLANG_WARN__DUPLICATE_METHOD_MATCH = YES;
				COPY_PHASE_STRIP = NO;
				DEBUG_INFORMATION_FORMAT = dwarf;
				ENABLE_STRICT_OBJC_MSGSEND = YES;
				ENABLE_TESTABILITY = YES;
				GCC_C_LANGUAGE_STANDARD = gnu11;
				GCC_DYNAMIC_NO_PIC = NO;
				GCC_NO_COMMON_BLOCKS = YES;
				GCC_OPTIMIZATION_LEVEL = 0;
				GCC_PREPROCESSOR_DEFINITIONS = (
					"DEBUG=1",
					"$(inherited)",
				);
				GCC_WARN_64_TO_32_BIT_CONVERSION = YES;
				GCC_WARN_ABOUT_RETURN_TYPE = YES_ERROR;
				GCC_WARN_UNDECLARED_SELECTOR = YES;
				GCC_WARN_UNINITIALIZED_AUTOS = YES_AGGRESSIVE;
				GCC_WARN_UNUSED_FUNCTION = YES;
				GCC_WARN_UNUSED_VARIABLE = YES;
				IPHONEOS_DEPLOYMENT_TARGET = 13.2;
				MTL_ENABLE_DEBUG_INFO = INCLUDE_SOURCE;
				MTL_FAST_MATH = YES;
				ONLY_ACTIVE_ARCH = YES;
				SDKROOT = iphoneos;
				SWIFT_ACTIVE_COMPILATION_CONDITIONS = DEBUG;
				SWIFT_OPTIMIZATION_LEVEL = "-Onone";
			};
			name = Debug;
		};
		54CCCF6C23DCE5B500E5C772 /* Release */ = {
			isa = XCBuildConfiguration;
			buildSettings = {
				ALWAYS_SEARCH_USER_PATHS = NO;
				CLANG_ANALYZER_NONNULL = YES;
				CLANG_ANALYZER_NUMBER_OBJECT_CONVERSION = YES_AGGRESSIVE;
				CLANG_CXX_LANGUAGE_STANDARD = "gnu++14";
				CLANG_CXX_LIBRARY = "libc++";
				CLANG_ENABLE_MODULES = YES;
				CLANG_ENABLE_OBJC_ARC = YES;
				CLANG_ENABLE_OBJC_WEAK = YES;
				CLANG_WARN_BLOCK_CAPTURE_AUTORELEASING = YES;
				CLANG_WARN_BOOL_CONVERSION = YES;
				CLANG_WARN_COMMA = YES;
				CLANG_WARN_CONSTANT_CONVERSION = YES;
				CLANG_WARN_DEPRECATED_OBJC_IMPLEMENTATIONS = YES;
				CLANG_WARN_DIRECT_OBJC_ISA_USAGE = YES_ERROR;
				CLANG_WARN_DOCUMENTATION_COMMENTS = YES;
				CLANG_WARN_EMPTY_BODY = YES;
				CLANG_WARN_ENUM_CONVERSION = YES;
				CLANG_WARN_INFINITE_RECURSION = YES;
				CLANG_WARN_INT_CONVERSION = YES;
				CLANG_WARN_NON_LITERAL_NULL_CONVERSION = YES;
				CLANG_WARN_OBJC_IMPLICIT_RETAIN_SELF = YES;
				CLANG_WARN_OBJC_LITERAL_CONVERSION = YES;
				CLANG_WARN_OBJC_ROOT_CLASS = YES_ERROR;
				CLANG_WARN_RANGE_LOOP_ANALYSIS = YES;
				CLANG_WARN_STRICT_PROTOTYPES = YES;
				CLANG_WARN_SUSPICIOUS_MOVE = YES;
				CLANG_WARN_UNGUARDED_AVAILABILITY = YES_AGGRESSIVE;
				CLANG_WARN_UNREACHABLE_CODE = YES;
				CLANG_WARN__DUPLICATE_METHOD_MATCH = YES;
				COPY_PHASE_STRIP = NO;
				DEBUG_INFORMATION_FORMAT = "dwarf-with-dsym";
				ENABLE_NS_ASSERTIONS = NO;
				ENABLE_STRICT_OBJC_MSGSEND = YES;
				GCC_C_LANGUAGE_STANDARD = gnu11;
				GCC_NO_COMMON_BLOCKS = YES;
				GCC_WARN_64_TO_32_BIT_CONVERSION = YES;
				GCC_WARN_ABOUT_RETURN_TYPE = YES_ERROR;
				GCC_WARN_UNDECLARED_SELECTOR = YES;
				GCC_WARN_UNINITIALIZED_AUTOS = YES_AGGRESSIVE;
				GCC_WARN_UNUSED_FUNCTION = YES;
				GCC_WARN_UNUSED_VARIABLE = YES;
				IPHONEOS_DEPLOYMENT_TARGET = 13.2;
				MTL_ENABLE_DEBUG_INFO = NO;
				MTL_FAST_MATH = YES;
				SDKROOT = iphoneos;
				SWIFT_COMPILATION_MODE = wholemodule;
				SWIFT_OPTIMIZATION_LEVEL = "-O";
				VALIDATE_PRODUCT = YES;
			};
			name = Release;
		};
		54CCCF6E23DCE5B500E5C772 /* Debug */ = {
			isa = XCBuildConfiguration;
			buildSettings = {
				ASSETCATALOG_COMPILER_APPICON_NAME = AppIcon;
				CODE_SIGN_STYLE = Automatic;
				DEVELOPMENT_TEAM = KGAZ25CZ2W;
				INFOPLIST_FILE = "$(SRCROOT)/IOSND-OnTheMap/Resources/Info.plist";
				LD_RUNPATH_SEARCH_PATHS = (
					"$(inherited)",
					"@executable_path/Frameworks",
				);
				PRODUCT_BUNDLE_IDENTIFIER = "gr.sdim.IOSND-OnTheMap";
				PRODUCT_NAME = "$(TARGET_NAME)";
				SWIFT_VERSION = 5.0;
				TARGETED_DEVICE_FAMILY = "1,2";
			};
			name = Debug;
		};
		54CCCF6F23DCE5B500E5C772 /* Release */ = {
			isa = XCBuildConfiguration;
			buildSettings = {
				ASSETCATALOG_COMPILER_APPICON_NAME = AppIcon;
				CODE_SIGN_STYLE = Automatic;
				DEVELOPMENT_TEAM = KGAZ25CZ2W;
				INFOPLIST_FILE = "$(SRCROOT)/IOSND-OnTheMap/Resources/Info.plist";
				LD_RUNPATH_SEARCH_PATHS = (
					"$(inherited)",
					"@executable_path/Frameworks",
				);
				PRODUCT_BUNDLE_IDENTIFIER = "gr.sdim.IOSND-OnTheMap";
				PRODUCT_NAME = "$(TARGET_NAME)";
				SWIFT_VERSION = 5.0;
				TARGETED_DEVICE_FAMILY = "1,2";
			};
			name = Release;
		};
/* End XCBuildConfiguration section */

/* Begin XCConfigurationList section */
		54CCCF5423DCE5B300E5C772 /* Build configuration list for PBXProject "IOSND-OnTheMap" */ = {
			isa = XCConfigurationList;
			buildConfigurations = (
				54CCCF6B23DCE5B500E5C772 /* Debug */,
				54CCCF6C23DCE5B500E5C772 /* Release */,
			);
			defaultConfigurationIsVisible = 0;
			defaultConfigurationName = Release;
		};
		54CCCF6D23DCE5B500E5C772 /* Build configuration list for PBXNativeTarget "IOSND-OnTheMap" */ = {
			isa = XCConfigurationList;
			buildConfigurations = (
				54CCCF6E23DCE5B500E5C772 /* Debug */,
				54CCCF6F23DCE5B500E5C772 /* Release */,
			);
			defaultConfigurationIsVisible = 0;
			defaultConfigurationName = Release;
		};
/* End XCConfigurationList section */
	};
	rootObject = 54CCCF5123DCE5B300E5C772 /* Project object */;
}
